// !$*UTF8*$!
{
	archiveVersion = 1;
	classes = {
	};
	objectVersion = 46;
	objects = {

/* Begin PBXBuildFile section */
		AA30B1561F2499E70072C0FF /* main.m in Sources */ = {isa = PBXBuildFile; fileRef = AA30B1551F2499E70072C0FF /* main.m */; };
		AA30B1591F2499E70072C0FF /* AppDelegate.m in Sources */ = {isa = PBXBuildFile; fileRef = AA30B1581F2499E70072C0FF /* AppDelegate.m */; };
		AA30B15C1F2499E70072C0FF /* ViewController.m in Sources */ = {isa = PBXBuildFile; fileRef = AA30B15B1F2499E70072C0FF /* ViewController.m */; };
		AA30B15F1F2499E70072C0FF /* Main.storyboard in Resources */ = {isa = PBXBuildFile; fileRef = AA30B15D1F2499E70072C0FF /* Main.storyboard */; };
		AA30B1611F2499E70072C0FF /* Assets.xcassets in Resources */ = {isa = PBXBuildFile; fileRef = AA30B1601F2499E70072C0FF /* Assets.xcassets */; };
		AA30B1641F2499E70072C0FF /* LaunchScreen.storyboard in Resources */ = {isa = PBXBuildFile; fileRef = AA30B1621F2499E70072C0FF /* LaunchScreen.storyboard */; };
		AA30B16F1F2499E80072C0FF /* Play_With_Sort_OCTests.m in Sources */ = {isa = PBXBuildFile; fileRef = AA30B16E1F2499E80072C0FF /* Play_With_Sort_OCTests.m */; };
		AA39B8841F3087C200D81E68 /* MBHeap.m in Sources */ = {isa = PBXBuildFile; fileRef = AA39B8831F3087C200D81E68 /* MBHeap.m */; };
		AA52ED251F28896100080385 /* NSMutableArray+MBSort.m in Sources */ = {isa = PBXBuildFile; fileRef = AA52ED241F28896100080385 /* NSMutableArray+MBSort.m */; };
		AA52ED331F2F4A8F00080385 /* MBBarView.m in Sources */ = {isa = PBXBuildFile; fileRef = AA52ED321F2F4A8E00080385 /* MBBarView.m */; };
/* End PBXBuildFile section */

/* Begin PBXContainerItemProxy section */
		AA30B16B1F2499E80072C0FF /* PBXContainerItemProxy */ = {
			isa = PBXContainerItemProxy;
			containerPortal = AA30B1491F2499E70072C0FF /* Project object */;
			proxyType = 1;
			remoteGlobalIDString = AA30B1501F2499E70072C0FF;
			remoteInfo = "Play-With-Sort-OC";
		};
/* End PBXContainerItemProxy section */

/* Begin PBXFileReference section */
		AA30B1511F2499E70072C0FF /* Play-With-Sort-OC.app */ = {isa = PBXFileReference; explicitFileType = wrapper.application; includeInIndex = 0; path = "Play-With-Sort-OC.app"; sourceTree = BUILT_PRODUCTS_DIR; };
		AA30B1551F2499E70072C0FF /* main.m */ = {isa = PBXFileReference; lastKnownFileType = sourcecode.c.objc; path = main.m; sourceTree = "<group>"; };
		AA30B1571F2499E70072C0FF /* AppDelegate.h */ = {isa = PBXFileReference; lastKnownFileType = sourcecode.c.h; path = AppDelegate.h; sourceTree = "<group>"; };
		AA30B1581F2499E70072C0FF /* AppDelegate.m */ = {isa = PBXFileReference; lastKnownFileType = sourcecode.c.objc; path = AppDelegate.m; sourceTree = "<group>"; };
		AA30B15A1F2499E70072C0FF /* ViewController.h */ = {isa = PBXFileReference; lastKnownFileType = sourcecode.c.h; name = ViewController.h; path = ../ViewController.h; sourceTree = "<group>"; };
		AA30B15B1F2499E70072C0FF /* ViewController.m */ = {isa = PBXFileReference; lastKnownFileType = sourcecode.c.objc; name = ViewController.m; path = ../ViewController.m; sourceTree = "<group>"; };
		AA30B15E1F2499E70072C0FF /* Base */ = {isa = PBXFileReference; lastKnownFileType = file.storyboard; name = Base; path = Base.lproj/Main.storyboard; sourceTree = "<group>"; };
		AA30B1601F2499E70072C0FF /* Assets.xcassets */ = {isa = PBXFileReference; lastKnownFileType = folder.assetcatalog; path = Assets.xcassets; sourceTree = "<group>"; };
		AA30B1631F2499E70072C0FF /* Base */ = {isa = PBXFileReference; lastKnownFileType = file.storyboard; name = Base; path = Base.lproj/LaunchScreen.storyboard; sourceTree = "<group>"; };
		AA30B1651F2499E70072C0FF /* Info.plist */ = {isa = PBXFileReference; lastKnownFileType = text.plist.xml; path = Info.plist; sourceTree = "<group>"; };
		AA30B16A1F2499E80072C0FF /* Play-With-Sort-OCTests.xctest */ = {isa = PBXFileReference; explicitFileType = wrapper.cfbundle; includeInIndex = 0; path = "Play-With-Sort-OCTests.xctest"; sourceTree = BUILT_PRODUCTS_DIR; };
		AA30B16E1F2499E80072C0FF /* Play_With_Sort_OCTests.m */ = {isa = PBXFileReference; lastKnownFileType = sourcecode.c.objc; path = Play_With_Sort_OCTests.m; sourceTree = "<group>"; };
		AA30B1701F2499E80072C0FF /* Info.plist */ = {isa = PBXFileReference; lastKnownFileType = text.plist.xml; path = Info.plist; sourceTree = "<group>"; };
		AA39B8821F3087C200D81E68 /* MBHeap.h */ = {isa = PBXFileReference; fileEncoding = 4; lastKnownFileType = sourcecode.c.h; path = MBHeap.h; sourceTree = "<group>"; };
		AA39B8831F3087C200D81E68 /* MBHeap.m */ = {isa = PBXFileReference; fileEncoding = 4; lastKnownFileType = sourcecode.c.objc; path = MBHeap.m; sourceTree = "<group>"; };
		AA52ED231F28896100080385 /* NSMutableArray+MBSort.h */ = {isa = PBXFileReference; fileEncoding = 4; lastKnownFileType = sourcecode.c.h; name = "NSMutableArray+MBSort.h"; path = "../NSMutableArray+MBSort.h"; sourceTree = "<group>"; };
		AA52ED241F28896100080385 /* NSMutableArray+MBSort.m */ = {isa = PBXFileReference; fileEncoding = 4; lastKnownFileType = sourcecode.c.objc; name = "NSMutableArray+MBSort.m"; path = "../NSMutableArray+MBSort.m"; sourceTree = "<group>"; };
		AA52ED311F2F4A8E00080385 /* MBBarView.h */ = {isa = PBXFileReference; fileEncoding = 4; lastKnownFileType = sourcecode.c.h; name = MBBarView.h; path = ../MBBarView.h; sourceTree = "<group>"; };
		AA52ED321F2F4A8E00080385 /* MBBarView.m */ = {isa = PBXFileReference; fileEncoding = 4; lastKnownFileType = sourcecode.c.objc; name = MBBarView.m; path = ../MBBarView.m; sourceTree = "<group>"; };
/* End PBXFileReference section */

/* Begin PBXFrameworksBuildPhase section */
		AA30B14E1F2499E70072C0FF /* Frameworks */ = {
			isa = PBXFrameworksBuildPhase;
			buildActionMask = 2147483647;
			files = (
			);
			runOnlyForDeploymentPostprocessing = 0;
		};
		AA30B1671F2499E80072C0FF /* Frameworks */ = {
			isa = PBXFrameworksBuildPhase;
			buildActionMask = 2147483647;
			files = (
			);
			runOnlyForDeploymentPostprocessing = 0;
		};
/* End PBXFrameworksBuildPhase section */

/* Begin PBXGroup section */
		AA30B1481F2499E70072C0FF = {
			isa = PBXGroup;
			children = (
				AA30B1531F2499E70072C0FF /* Play-With-Sort-OC */,
				AA30B16D1F2499E80072C0FF /* Play-With-Sort-OCTests */,
				AA30B1521F2499E70072C0FF /* Products */,
			);
			sourceTree = "<group>";
		};
		AA30B1521F2499E70072C0FF /* Products */ = {
			isa = PBXGroup;
			children = (
				AA30B1511F2499E70072C0FF /* Play-With-Sort-OC.app */,
				AA30B16A1F2499E80072C0FF /* Play-With-Sort-OCTests.xctest */,
			);
			name = Products;
			sourceTree = "<group>";
		};
		AA30B1531F2499E70072C0FF /* Play-With-Sort-OC */ = {
			isa = PBXGroup;
			children = (
				AA39B8811F30868700D81E68 /* Sort */,
				AA30B1541F2499E70072C0FF /* Supporting Files */,
			);
			path = "Play-With-Sort-OC";
			sourceTree = "<group>";
		};
		AA30B1541F2499E70072C0FF /* Supporting Files */ = {
			isa = PBXGroup;
			children = (
				AA30B1571F2499E70072C0FF /* AppDelegate.h */,
				AA30B1581F2499E70072C0FF /* AppDelegate.m */,
				AA30B15D1F2499E70072C0FF /* Main.storyboard */,
				AA30B1601F2499E70072C0FF /* Assets.xcassets */,
				AA30B1621F2499E70072C0FF /* LaunchScreen.storyboard */,
				AA30B1651F2499E70072C0FF /* Info.plist */,
				AA30B1551F2499E70072C0FF /* main.m */,
			);
			name = "Supporting Files";
			sourceTree = "<group>";
		};
		AA30B16D1F2499E80072C0FF /* Play-With-Sort-OCTests */ = {
			isa = PBXGroup;
			children = (
				AA30B16E1F2499E80072C0FF /* Play_With_Sort_OCTests.m */,
				AA30B1701F2499E80072C0FF /* Info.plist */,
			);
			path = "Play-With-Sort-OCTests";
			sourceTree = "<group>";
		};
		AA39B8811F30868700D81E68 /* Sort */ = {
			isa = PBXGroup;
			children = (
				AA52ED231F28896100080385 /* NSMutableArray+MBSort.h */,
				AA52ED241F28896100080385 /* NSMutableArray+MBSort.m */,
				AA52ED311F2F4A8E00080385 /* MBBarView.h */,
				AA52ED321F2F4A8E00080385 /* MBBarView.m */,
				AA30B15A1F2499E70072C0FF /* ViewController.h */,
				AA30B15B1F2499E70072C0FF /* ViewController.m */,
				AA39B8821F3087C200D81E68 /* MBHeap.h */,
				AA39B8831F3087C200D81E68 /* MBHeap.m */,
			);
			path = Sort;
			sourceTree = "<group>";
		};
/* End PBXGroup section */

/* Begin PBXNativeTarget section */
		AA30B1501F2499E70072C0FF /* Play-With-Sort-OC */ = {
			isa = PBXNativeTarget;
			buildConfigurationList = AA30B1731F2499E80072C0FF /* Build configuration list for PBXNativeTarget "Play-With-Sort-OC" */;
			buildPhases = (
				AA30B14D1F2499E70072C0FF /* Sources */,
				AA30B14E1F2499E70072C0FF /* Frameworks */,
				AA30B14F1F2499E70072C0FF /* Resources */,
			);
			buildRules = (
			);
			dependencies = (
			);
			name = "Play-With-Sort-OC";
			productName = "Play-With-Sort-OC";
			productReference = AA30B1511F2499E70072C0FF /* Play-With-Sort-OC.app */;
			productType = "com.apple.product-type.application";
		};
		AA30B1691F2499E80072C0FF /* Play-With-Sort-OCTests */ = {
			isa = PBXNativeTarget;
			buildConfigurationList = AA30B1761F2499E80072C0FF /* Build configuration list for PBXNativeTarget "Play-With-Sort-OCTests" */;
			buildPhases = (
				AA30B1661F2499E80072C0FF /* Sources */,
				AA30B1671F2499E80072C0FF /* Frameworks */,
				AA30B1681F2499E80072C0FF /* Resources */,
			);
			buildRules = (
			);
			dependencies = (
				AA30B16C1F2499E80072C0FF /* PBXTargetDependency */,
			);
			name = "Play-With-Sort-OCTests";
			productName = "Play-With-Sort-OCTests";
			productReference = AA30B16A1F2499E80072C0FF /* Play-With-Sort-OCTests.xctest */;
			productType = "com.apple.product-type.bundle.unit-test";
		};
/* End PBXNativeTarget section */

/* Begin PBXProject section */
		AA30B1491F2499E70072C0FF /* Project object */ = {
			isa = PBXProject;
			attributes = {
				CLASSPREFIX = MB;
				LastUpgradeCheck = 0830;
				ORGANIZATIONNAME = MisterBooo;
				TargetAttributes = {
					AA30B1501F2499E70072C0FF = {
						CreatedOnToolsVersion = 8.3.2;
						DevelopmentTeam = 7NHU5364QV;
						ProvisioningStyle = Automatic;
					};
					AA30B1691F2499E80072C0FF = {
						CreatedOnToolsVersion = 8.3.2;
						DevelopmentTeam = 7NHU5364QV;
						ProvisioningStyle = Automatic;
						TestTargetID = AA30B1501F2499E70072C0FF;
					};
				};
			};
			buildConfigurationList = AA30B14C1F2499E70072C0FF /* Build configuration list for PBXProject "Play-With-Sort-OC" */;
			compatibilityVersion = "Xcode 3.2";
			developmentRegion = English;
			hasScannedForEncodings = 0;
			knownRegions = (
				en,
				Base,
			);
			mainGroup = AA30B1481F2499E70072C0FF;
			productRefGroup = AA30B1521F2499E70072C0FF /* Products */;
			projectDirPath = "";
			projectRoot = "";
			targets = (
				AA30B1501F2499E70072C0FF /* Play-With-Sort-OC */,
				AA30B1691F2499E80072C0FF /* Play-With-Sort-OCTests */,
			);
		};
/* End PBXProject section */

/* Begin PBXResourcesBuildPhase section */
		AA30B14F1F2499E70072C0FF /* Resources */ = {
			isa = PBXResourcesBuildPhase;
			buildActionMask = 2147483647;
			files = (
				AA30B1641F2499E70072C0FF /* LaunchScreen.storyboard in Resources */,
				AA30B1611F2499E70072C0FF /* Assets.xcassets in Resources */,
				AA30B15F1F2499E70072C0FF /* Main.storyboard in Resources */,
			);
			runOnlyForDeploymentPostprocessing = 0;
		};
		AA30B1681F2499E80072C0FF /* Resources */ = {
			isa = PBXResourcesBuildPhase;
			buildActionMask = 2147483647;
			files = (
			);
			runOnlyForDeploymentPostprocessing = 0;
		};
/* End PBXResourcesBuildPhase section */

/* Begin PBXSourcesBuildPhase section */
		AA30B14D1F2499E70072C0FF /* Sources */ = {
			isa = PBXSourcesBuildPhase;
			buildActionMask = 2147483647;
			files = (
				AA52ED331F2F4A8F00080385 /* MBBarView.m in Sources */,
				AA30B15C1F2499E70072C0FF /* ViewController.m in Sources */,
				AA39B8841F3087C200D81E68 /* MBHeap.m in Sources */,
				AA30B1591F2499E70072C0FF /* AppDelegate.m in Sources */,
				AA52ED251F28896100080385 /* NSMutableArray+MBSort.m in Sources */,
				AA30B1561F2499E70072C0FF /* main.m in Sources */,
			);
			runOnlyForDeploymentPostprocessing = 0;
		};
		AA30B1661F2499E80072C0FF /* Sources */ = {
			isa = PBXSourcesBuildPhase;
			buildActionMask = 2147483647;
			files = (
				AA30B16F1F2499E80072C0FF /* Play_With_Sort_OCTests.m in Sources */,
			);
			runOnlyForDeploymentPostprocessing = 0;
		};
/* End PBXSourcesBuildPhase section */

/* Begin PBXTargetDependency section */
		AA30B16C1F2499E80072C0FF /* PBXTargetDependency */ = {
			isa = PBXTargetDependency;
			target = AA30B1501F2499E70072C0FF /* Play-With-Sort-OC */;
			targetProxy = AA30B16B1F2499E80072C0FF /* PBXContainerItemProxy */;
		};
/* End PBXTargetDependency section */

/* Begin PBXVariantGroup section */
		AA30B15D1F2499E70072C0FF /* Main.storyboard */ = {
			isa = PBXVariantGroup;
			children = (
				AA30B15E1F2499E70072C0FF /* Base */,
			);
			name = Main.storyboard;
			sourceTree = "<group>";
		};
		AA30B1621F2499E70072C0FF /* LaunchScreen.storyboard */ = {
			isa = PBXVariantGroup;
			children = (
				AA30B1631F2499E70072C0FF /* Base */,
			);
			name = LaunchScreen.storyboard;
			sourceTree = "<group>";
		};
/* End PBXVariantGroup section */

/* Begin XCBuildConfiguration section */
		AA30B1711F2499E80072C0FF /* Debug */ = {
			isa = XCBuildConfiguration;
			buildSettings = {
				ALWAYS_SEARCH_USER_PATHS = NO;
				CLANG_ANALYZER_NONNULL = YES;
				CLANG_ANALYZER_NUMBER_OBJECT_CONVERSION = YES_AGGRESSIVE;
				CLANG_CXX_LANGUAGE_STANDARD = "gnu++0x";
				CLANG_CXX_LIBRARY = "libc++";
				CLANG_ENABLE_MODULES = YES;
				CLANG_ENABLE_OBJC_ARC = YES;
				CLANG_WARN_BOOL_CONVERSION = YES;
				CLANG_WARN_CONSTANT_CONVERSION = YES;
				CLANG_WARN_DIRECT_OBJC_ISA_USAGE = YES_ERROR;
				CLANG_WARN_DOCUMENTATION_COMMENTS = YES;
				CLANG_WARN_EMPTY_BODY = YES;
				CLANG_WARN_ENUM_CONVERSION = YES;
				CLANG_WARN_INFINITE_RECURSION = YES;
				CLANG_WARN_INT_CONVERSION = YES;
				CLANG_WARN_OBJC_ROOT_CLASS = YES_ERROR;
				CLANG_WARN_SUSPICIOUS_MOVE = YES;
				CLANG_WARN_UNREACHABLE_CODE = YES;
				CLANG_WARN__DUPLICATE_METHOD_MATCH = YES;
				"CODE_SIGN_IDENTITY[sdk=iphoneos*]" = "iPhone Developer";
				COPY_PHASE_STRIP = NO;
				DEBUG_INFORMATION_FORMAT = dwarf;
				ENABLE_STRICT_OBJC_MSGSEND = YES;
				ENABLE_TESTABILITY = YES;
				GCC_C_LANGUAGE_STANDARD = gnu99;
				GCC_DYNAMIC_NO_PIC = NO;
				GCC_NO_COMMON_BLOCKS = YES;
				GCC_OPTIMIZATION_LEVEL = 0;
				GCC_PREPROCESSOR_DEFINITIONS = (
					"DEBUG=1",
					"$(inherited)",
				);
				GCC_WARN_64_TO_32_BIT_CONVERSION = YES;
				GCC_WARN_ABOUT_RETURN_TYPE = YES_ERROR;
				GCC_WARN_UNDECLARED_SELECTOR = YES;
				GCC_WARN_UNINITIALIZED_AUTOS = YES_AGGRESSIVE;
				GCC_WARN_UNUSED_FUNCTION = YES;
				GCC_WARN_UNUSED_VARIABLE = YES;
				IPHONEOS_DEPLOYMENT_TARGET = 10.3;
				MTL_ENABLE_DEBUG_INFO = YES;
				ONLY_ACTIVE_ARCH = YES;
				SDKROOT = iphoneos;
			};
			name = Debug;
		};
		AA30B1721F2499E80072C0FF /* Release */ = {
			isa = XCBuildConfiguration;
			buildSettings = {
				ALWAYS_SEARCH_USER_PATHS = NO;
				CLANG_ANALYZER_NONNULL = YES;
				CLANG_ANALYZER_NUMBER_OBJECT_CONVERSION = YES_AGGRESSIVE;
				CLANG_CXX_LANGUAGE_STANDARD = "gnu++0x";
				CLANG_CXX_LIBRARY = "libc++";
				CLANG_ENABLE_MODULES = YES;
				CLANG_ENABLE_OBJC_ARC = YES;
				CLANG_WARN_BOOL_CONVERSION = YES;
				CLANG_WARN_CONSTANT_CONVERSION = YES;
				CLANG_WARN_DIRECT_OBJC_ISA_USAGE = YES_ERROR;
				CLANG_WARN_DOCUMENTATION_COMMENTS = YES;
				CLANG_WARN_EMPTY_BODY = YES;
				CLANG_WARN_ENUM_CONVERSION = YES;
				CLANG_WARN_INFINITE_RECURSION = YES;
				CLANG_WARN_INT_CONVERSION = YES;
				CLANG_WARN_OBJC_ROOT_CLASS = YES_ERROR;
				CLANG_WARN_SUSPICIOUS_MOVE = YES;
				CLANG_WARN_UNREACHABLE_CODE = YES;
				CLANG_WARN__DUPLICATE_METHOD_MATCH = YES;
				"CODE_SIGN_IDENTITY[sdk=iphoneos*]" = "iPhone Developer";
				COPY_PHASE_STRIP = NO;
				DEBUG_INFORMATION_FORMAT = "dwarf-with-dsym";
				ENABLE_NS_ASSERTIONS = NO;
				ENABLE_STRICT_OBJC_MSGSEND = YES;
				GCC_C_LANGUAGE_STANDARD = gnu99;
				GCC_NO_COMMON_BLOCKS = YES;
				GCC_WARN_64_TO_32_BIT_CONVERSION = YES;
				GCC_WARN_ABOUT_RETURN_TYPE = YES_ERROR;
				GCC_WARN_UNDECLARED_SELECTOR = YES;
				GCC_WARN_UNINITIALIZED_AUTOS = YES_AGGRESSIVE;
				GCC_WARN_UNUSED_FUNCTION = YES;
				GCC_WARN_UNUSED_VARIABLE = YES;
				IPHONEOS_DEPLOYMENT_TARGET = 10.3;
				MTL_ENABLE_DEBUG_INFO = NO;
				SDKROOT = iphoneos;
				VALIDATE_PRODUCT = YES;
			};
			name = Release;
		};
		AA30B1741F2499E80072C0FF /* Debug */ = {
			isa = XCBuildConfiguration;
			buildSettings = {
				ASSETCATALOG_COMPILER_APPICON_NAME = AppIcon;
				DEVELOPMENT_TEAM = 7NHU5364QV;
				INFOPLIST_FILE = "Play-With-Sort-OC/Info.plist";
				IPHONEOS_DEPLOYMENT_TARGET = 8.0;
				LD_RUNPATH_SEARCH_PATHS = "$(inherited) @executable_path/Frameworks";
				PRODUCT_BUNDLE_IDENTIFIER = "MisterBooo.Play-With-Sort-OC";
				PRODUCT_NAME = "$(TARGET_NAME)";
			};
			name = Debug;
		};
		AA30B1751F2499E80072C0FF /* Release */ = {
			isa = XCBuildConfiguration;
			buildSettings = {
				ASSETCATALOG_COMPILER_APPICON_NAME = AppIcon;
				DEVELOPMENT_TEAM = 7NHU5364QV;
				INFOPLIST_FILE = "Play-With-Sort-OC/Info.plist";
				IPHONEOS_DEPLOYMENT_TARGET = 8.0;
				LD_RUNPATH_SEARCH_PATHS = "$(inherited) @executable_path/Frameworks";
				PRODUCT_BUNDLE_IDENTIFIER = "MisterBooo.Play-With-Sort-OC";
				PRODUCT_NAME = "$(TARGET_NAME)";
			};
			name = Release;
		};
		AA30B1771F2499E80072C0FF /* Debug */ = {
			isa = XCBuildConfiguration;
			buildSettings = {
				BUNDLE_LOADER = "$(TEST_HOST)";
				DEVELOPMENT_TEAM = 7NHU5364QV;
				INFOPLIST_FILE = "Play-With-Sort-OCTests/Info.plist";
				LD_RUNPATH_SEARCH_PATHS = "$(inherited) @executable_path/Frameworks @loader_path/Frameworks";
				PRODUCT_BUNDLE_IDENTIFIER = "MisterBooo.Play-With-Sort-OCTests";
				PRODUCT_NAME = "$(TARGET_NAME)";
				TEST_HOST = "$(BUILT_PRODUCTS_DIR)/Play-With-Sort-OC.app/Play-With-Sort-OC";
			};
			name = Debug;
		};
		AA30B1781F2499E80072C0FF /* Release */ = {
			isa = XCBuildConfiguration;
			buildSettings = {
				BUNDLE_LOADER = "$(TEST_HOST)";
				DEVELOPMENT_TEAM = 7NHU5364QV;
				INFOPLIST_FILE = "Play-With-Sort-OCTests/Info.plist";
				LD_RUNPATH_SEARCH_PATHS = "$(inherited) @executable_path/Frameworks @loader_path/Frameworks";
				PRODUCT_BUNDLE_IDENTIFIER = "MisterBooo.Play-With-Sort-OCTests";
				PRODUCT_NAME = "$(TARGET_NAME)";
				TEST_HOST = "$(BUILT_PRODUCTS_DIR)/Play-With-Sort-OC.app/Play-With-Sort-OC";
			};
			name = Release;
		};
/* End XCBuildConfiguration section */

/* Begin XCConfigurationList section */
		AA30B14C1F2499E70072C0FF /* Build configuration list for PBXProject "Play-With-Sort-OC" */ = {
			isa = XCConfigurationList;
			buildConfigurations = (
				AA30B1711F2499E80072C0FF /* Debug */,
				AA30B1721F2499E80072C0FF /* Release */,
			);
			defaultConfigurationIsVisible = 0;
			defaultConfigurationName = Release;
		};
		AA30B1731F2499E80072C0FF /* Build configuration list for PBXNativeTarget "Play-With-Sort-OC" */ = {
			isa = XCConfigurationList;
			buildConfigurations = (
				AA30B1741F2499E80072C0FF /* Debug */,
				AA30B1751F2499E80072C0FF /* Release */,
			);
			defaultConfigurationIsVisible = 0;
			defaultConfigurationName = Release;
		};
		AA30B1761F2499E80072C0FF /* Build configuration list for PBXNativeTarget "Play-With-Sort-OCTests" */ = {
			isa = XCConfigurationList;
			buildConfigurations = (
				AA30B1771F2499E80072C0FF /* Debug */,
				AA30B1781F2499E80072C0FF /* Release */,
			);
			defaultConfigurationIsVisible = 0;
			defaultConfigurationName = Release;
		};
/* End XCConfigurationList section */
	};
	rootObject = AA30B1491F2499E70072C0FF /* Project object */;
}
